{
  "name": "@red-cup-engineering/deterministic-intent-admission-service",
  "version": "0.1.0",
  "lockfileVersion": 3,
  "requires": true,
  "packages": {
    "": {
      "name": "@red-cup-engineering/deterministic-intent-admission-service",
      "version": "0.1.0",
      "license": "Apache-2.0",
      "bin": {
        "admit-bounded-agentic-intent": "bin/admit-bounded-agentic-intent.mjs"
      },
      "engines": {
        "node": ">=22"
      }
    }
  }
}
